version = 0

[requires]
  sonyflake = {git = "https://github.com/ystyle/cj-sonyflake", commitId = "d638e884c38cad7897b80a6e95a734b535788ea9", branch = "master"}
  multipart = {git = "https://gitcode.com/Cangjie-SIG/multipart", commitId = "dd0e55d818f33c7a17665864d9d196c8cdd34417", branch = "0.1.3"}
